
Microsoft Visual Studio Solution File, Format Version 12.00
# Visual Studio Version 17
VisualStudioVersion = 17.8.34316.72
MinimumVisualStudioVersion = 10.0.40219.1
Project("{FAE04EC0-301F-11D3-BF4B-00C04F79EFBC}") = "Wachhund", "Wachhund\Wachhund.csproj", "{D9EDF0C0-58A8-4594-950E-33DBCC30D416}"
EndProject
Global
	GlobalSection(SolutionConfigurationPlatforms) = preSolution
		Debug|Any CPU = Debug|Any CPU
		Release|Any CPU = Release|Any CPU
	EndGlobalSection
	GlobalSection(ProjectConfigurationPlatforms) = postSolution
		{D9EDF0C0-58A8-4594-950E-33DBCC30D416}.Debug|Any CPU.ActiveCfg = Debug|Any CPU
		{D9EDF0C0-58A8-4594-950E-33DBCC30D416}.Debug|Any CPU.Build.0 = Debug|Any CPU
		{D9EDF0C0-58A8-4594-950E-33DBCC30D416}.Release|Any CPU.ActiveCfg = Release|Any CPU
		{D9EDF0C0-58A8-4594-950E-33DBCC30D416}.Release|Any CPU.Build.0 = Release|Any CPU
	EndGlobalSection
	GlobalSection(SolutionProperties) = preSolution
		HideSolutionNode = FALSE
	EndGlobalSection
	GlobalSection(ExtensibilityGlobals) = postSolution
		SolutionGuid = {11E9B890-C284-4FE0-8816-13D567B2F763}
	EndGlobalSection
EndGlobal
